
Microsoft Visual Studio Solution File, Format Version 12.00
# Visual Studio Version 17
VisualStudioVersion = 17.5.002.0
MinimumVisualStudioVersion = 10.0.40219.1
Project("{9A19103F-16F7-4668-BE54-9A1E7A4F7556}") = "botasTrocadas", "botasTrocadas\botasTrocadas.csproj", "{EED9C0F8-CE47-41D3-9F7E-12F5A7633E61}"
EndProject
Project("{9A19103F-16F7-4668-BE54-9A1E7A4F7556}") = "planoInternet", "planoInternet\planoInternet.csproj", "{56B023BF-1E63-4A6C-9E3D-519EF85CF3CC}"
EndProject
Project("{9A19103F-16F7-4668-BE54-9A1E7A4F7556}") = "Revisao", "Revisao\Revisao.csproj", "{D035E5BD-3EE4-4514-AB20-89A337E22135}"
EndProject
Project("{9A19103F-16F7-4668-BE54-9A1E7A4F7556}") = "Supermercado", "Supermercado\Supermercado.csproj", "{5BA35752-5A47-41A5-A014-60E8C6A0BD09}"
EndProject
Global
	GlobalSection(SolutionConfigurationPlatforms) = preSolution
		Debug|Any CPU = Debug|Any CPU
		Release|Any CPU = Release|Any CPU
	EndGlobalSection
	GlobalSection(ProjectConfigurationPlatforms) = postSolution
		{EED9C0F8-CE47-41D3-9F7E-12F5A7633E61}.Debug|Any CPU.ActiveCfg = Debug|Any CPU
		{EED9C0F8-CE47-41D3-9F7E-12F5A7633E61}.Debug|Any CPU.Build.0 = Debug|Any CPU
		{EED9C0F8-CE47-41D3-9F7E-12F5A7633E61}.Release|Any CPU.ActiveCfg = Release|Any CPU
		{EED9C0F8-CE47-41D3-9F7E-12F5A7633E61}.Release|Any CPU.Build.0 = Release|Any CPU
		{56B023BF-1E63-4A6C-9E3D-519EF85CF3CC}.Debug|Any CPU.ActiveCfg = Debug|Any CPU
		{56B023BF-1E63-4A6C-9E3D-519EF85CF3CC}.Debug|Any CPU.Build.0 = Debug|Any CPU
		{56B023BF-1E63-4A6C-9E3D-519EF85CF3CC}.Release|Any CPU.ActiveCfg = Release|Any CPU
		{56B023BF-1E63-4A6C-9E3D-519EF85CF3CC}.Release|Any CPU.Build.0 = Release|Any CPU
		{D035E5BD-3EE4-4514-AB20-89A337E22135}.Debug|Any CPU.ActiveCfg = Debug|Any CPU
		{D035E5BD-3EE4-4514-AB20-89A337E22135}.Debug|Any CPU.Build.0 = Debug|Any CPU
		{D035E5BD-3EE4-4514-AB20-89A337E22135}.Release|Any CPU.ActiveCfg = Release|Any CPU
		{D035E5BD-3EE4-4514-AB20-89A337E22135}.Release|Any CPU.Build.0 = Release|Any CPU
		{5BA35752-5A47-41A5-A014-60E8C6A0BD09}.Debug|Any CPU.ActiveCfg = Debug|Any CPU
		{5BA35752-5A47-41A5-A014-60E8C6A0BD09}.Debug|Any CPU.Build.0 = Debug|Any CPU
		{5BA35752-5A47-41A5-A014-60E8C6A0BD09}.Release|Any CPU.ActiveCfg = Release|Any CPU
		{5BA35752-5A47-41A5-A014-60E8C6A0BD09}.Release|Any CPU.Build.0 = Release|Any CPU
	EndGlobalSection
	GlobalSection(SolutionProperties) = preSolution
		HideSolutionNode = FALSE
	EndGlobalSection
	GlobalSection(ExtensibilityGlobals) = postSolution
		SolutionGuid = {F8576271-FE98-4721-8FCD-BBA855C79523}
	EndGlobalSection
EndGlobal
